
Microsoft Visual Studio Solution File, Format Version 12.00
# Visual Studio Version 17
VisualStudioVersion = 17.5.2.0
MinimumVisualStudioVersion = 10.0.40219.1
Project("{FAE04EC0-301F-11D3-BF4B-00C04F79EFBC}") = "Bootcamp4", "Bootcamp4.csproj", "{73B5B7BB-11BF-FE10-BDE4-BE76D5E46ECE}"
EndProject
Project("{FAE04EC0-301F-11D3-BF4B-00C04F79EFBC}") = "Ejercicio01", "Ejercicio01\Ejercicio01.csproj", "{1DB682D1-2599-4C6B-884A-50B019BE0645}"
EndProject
Project("{FAE04EC0-301F-11D3-BF4B-00C04F79EFBC}") = "Ejercicio21-extra", "Ejercicio21-extra\Ejercicio21-extra.csproj", "{64A7F25C-4ABB-46AC-8303-3727C4CD937F}"
EndProject
Project("{FAE04EC0-301F-11D3-BF4B-00C04F79EFBC}") = "Ejercicio20", "Ejercicio20\Ejercicio20.csproj", "{5702E595-8784-41E7-976F-C4441A1E2923}"
EndProject
Project("{FAE04EC0-301F-11D3-BF4B-00C04F79EFBC}") = "Ejercicio03", "Ejercicio03\Ejercicio03.csproj", "{CC110417-0A55-43D7-A1E9-92DD7FA38632}"
EndProject
Project("{FAE04EC0-301F-11D3-BF4B-00C04F79EFBC}") = "Ejercicio04", "Ejercicio04\Ejercicio04.csproj", "{E93759C6-98F9-4809-9541-281E223BA4C1}"
EndProject
Project("{FAE04EC0-301F-11D3-BF4B-00C04F79EFBC}") = "Ejercicio05", "Ejercicio05\Ejercicio05.csproj", "{37DA574C-EACF-439D-B5E3-E7E52124FFA0}"
EndProject
Project("{FAE04EC0-301F-11D3-BF4B-00C04F79EFBC}") = "Ejercicio06", "Ejercicio06\Ejercicio06.csproj", "{CB4EAD8D-2B42-40F4-AEFB-ECD5656A6CCB}"
EndProject
Project("{FAE04EC0-301F-11D3-BF4B-00C04F79EFBC}") = "Ejercicio07", "Ejercicio07\Ejercicio07.csproj", "{EE5AF81D-1CC9-4DF3-A582-D0E1EE333047}"
EndProject
Project("{FAE04EC0-301F-11D3-BF4B-00C04F79EFBC}") = "Ejercicio08", "Ejercicio08\Ejercicio08.csproj", "{6689B4F2-C55E-40A2-9DA3-B8836865983E}"
EndProject
Project("{FAE04EC0-301F-11D3-BF4B-00C04F79EFBC}") = "Ejercicio09", "Ejercicio09\Ejercicio09.csproj", "{FDDBD5FC-5F6F-4BFA-87E3-DCD49755F1E9}"
EndProject
Project("{FAE04EC0-301F-11D3-BF4B-00C04F79EFBC}") = "Ejercicio10-19", "Ejercicio10-19\Ejercicio10-19.csproj", "{9E2E12CA-9C53-4296-8EFF-AA37480C69A4}"
EndProject
Global
	GlobalSection(SolutionConfigurationPlatforms) = preSolution
		Debug|Any CPU = Debug|Any CPU
		Debug|x64 = Debug|x64
		Debug|x86 = Debug|x86
		Release|Any CPU = Release|Any CPU
		Release|x64 = Release|x64
		Release|x86 = Release|x86
	EndGlobalSection
	GlobalSection(ProjectConfigurationPlatforms) = postSolution
		{73B5B7BB-11BF-FE10-BDE4-BE76D5E46ECE}.Debug|Any CPU.ActiveCfg = Debug|Any CPU
		{73B5B7BB-11BF-FE10-BDE4-BE76D5E46ECE}.Debug|Any CPU.Build.0 = Debug|Any CPU
		{73B5B7BB-11BF-FE10-BDE4-BE76D5E46ECE}.Debug|x64.ActiveCfg = Debug|Any CPU
		{73B5B7BB-11BF-FE10-BDE4-BE76D5E46ECE}.Debug|x64.Build.0 = Debug|Any CPU
		{73B5B7BB-11BF-FE10-BDE4-BE76D5E46ECE}.Debug|x86.ActiveCfg = Debug|Any CPU
		{73B5B7BB-11BF-FE10-BDE4-BE76D5E46ECE}.Debug|x86.Build.0 = Debug|Any CPU
		{73B5B7BB-11BF-FE10-BDE4-BE76D5E46ECE}.Release|Any CPU.ActiveCfg = Release|Any CPU
		{73B5B7BB-11BF-FE10-BDE4-BE76D5E46ECE}.Release|Any CPU.Build.0 = Release|Any CPU
		{73B5B7BB-11BF-FE10-BDE4-BE76D5E46ECE}.Release|x64.ActiveCfg = Release|Any CPU
		{73B5B7BB-11BF-FE10-BDE4-BE76D5E46ECE}.Release|x64.Build.0 = Release|Any CPU
		{73B5B7BB-11BF-FE10-BDE4-BE76D5E46ECE}.Release|x86.ActiveCfg = Release|Any CPU
		{73B5B7BB-11BF-FE10-BDE4-BE76D5E46ECE}.Release|x86.Build.0 = Release|Any CPU
		{1DB682D1-2599-4C6B-884A-50B019BE0645}.Debug|Any CPU.ActiveCfg = Debug|Any CPU
		{1DB682D1-2599-4C6B-884A-50B019BE0645}.Debug|Any CPU.Build.0 = Debug|Any CPU
		{1DB682D1-2599-4C6B-884A-50B019BE0645}.Debug|x64.ActiveCfg = Debug|Any CPU
		{1DB682D1-2599-4C6B-884A-50B019BE0645}.Debug|x64.Build.0 = Debug|Any CPU
		{1DB682D1-2599-4C6B-884A-50B019BE0645}.Debug|x86.ActiveCfg = Debug|Any CPU
		{1DB682D1-2599-4C6B-884A-50B019BE0645}.Debug|x86.Build.0 = Debug|Any CPU
		{1DB682D1-2599-4C6B-884A-50B019BE0645}.Release|Any CPU.ActiveCfg = Release|Any CPU
		{1DB682D1-2599-4C6B-884A-50B019BE0645}.Release|Any CPU.Build.0 = Release|Any CPU
		{1DB682D1-2599-4C6B-884A-50B019BE0645}.Release|x64.ActiveCfg = Release|Any CPU
		{1DB682D1-2599-4C6B-884A-50B019BE0645}.Release|x64.Build.0 = Release|Any CPU
		{1DB682D1-2599-4C6B-884A-50B019BE0645}.Release|x86.ActiveCfg = Release|Any CPU
		{1DB682D1-2599-4C6B-884A-50B019BE0645}.Release|x86.Build.0 = Release|Any CPU
		{64A7F25C-4ABB-46AC-8303-3727C4CD937F}.Debug|Any CPU.ActiveCfg = Debug|Any CPU
		{64A7F25C-4ABB-46AC-8303-3727C4CD937F}.Debug|Any CPU.Build.0 = Debug|Any CPU
		{64A7F25C-4ABB-46AC-8303-3727C4CD937F}.Debug|x64.ActiveCfg = Debug|Any CPU
		{64A7F25C-4ABB-46AC-8303-3727C4CD937F}.Debug|x64.Build.0 = Debug|Any CPU
		{64A7F25C-4ABB-46AC-8303-3727C4CD937F}.Debug|x86.ActiveCfg = Debug|Any CPU
		{64A7F25C-4ABB-46AC-8303-3727C4CD937F}.Debug|x86.Build.0 = Debug|Any CPU
		{64A7F25C-4ABB-46AC-8303-3727C4CD937F}.Release|Any CPU.ActiveCfg = Release|Any CPU
		{64A7F25C-4ABB-46AC-8303-3727C4CD937F}.Release|Any CPU.Build.0 = Release|Any CPU
		{64A7F25C-4ABB-46AC-8303-3727C4CD937F}.Release|x64.ActiveCfg = Release|Any CPU
		{64A7F25C-4ABB-46AC-8303-3727C4CD937F}.Release|x64.Build.0 = Release|Any CPU
		{64A7F25C-4ABB-46AC-8303-3727C4CD937F}.Release|x86.ActiveCfg = Release|Any CPU
		{64A7F25C-4ABB-46AC-8303-3727C4CD937F}.Release|x86.Build.0 = Release|Any CPU
		{5702E595-8784-41E7-976F-C4441A1E2923}.Debug|Any CPU.ActiveCfg = Debug|Any CPU
		{5702E595-8784-41E7-976F-C4441A1E2923}.Debug|Any CPU.Build.0 = Debug|Any CPU
		{5702E595-8784-41E7-976F-C4441A1E2923}.Debug|x64.ActiveCfg = Debug|Any CPU
		{5702E595-8784-41E7-976F-C4441A1E2923}.Debug|x64.Build.0 = Debug|Any CPU
		{5702E595-8784-41E7-976F-C4441A1E2923}.Debug|x86.ActiveCfg = Debug|Any CPU
		{5702E595-8784-41E7-976F-C4441A1E2923}.Debug|x86.Build.0 = Debug|Any CPU
		{5702E595-8784-41E7-976F-C4441A1E2923}.Release|Any CPU.ActiveCfg = Release|Any CPU
		{5702E595-8784-41E7-976F-C4441A1E2923}.Release|Any CPU.Build.0 = Release|Any CPU
		{5702E595-8784-41E7-976F-C4441A1E2923}.Release|x64.ActiveCfg = Release|Any CPU
		{5702E595-8784-41E7-976F-C4441A1E2923}.Release|x64.Build.0 = Release|Any CPU
		{5702E595-8784-41E7-976F-C4441A1E2923}.Release|x86.ActiveCfg = Release|Any CPU
		{5702E595-8784-41E7-976F-C4441A1E2923}.Release|x86.Build.0 = Release|Any CPU
		{CC110417-0A55-43D7-A1E9-92DD7FA38632}.Debug|Any CPU.ActiveCfg = Debug|Any CPU
		{CC110417-0A55-43D7-A1E9-92DD7FA38632}.Debug|Any CPU.Build.0 = Debug|Any CPU
		{CC110417-0A55-43D7-A1E9-92DD7FA38632}.Debug|x64.ActiveCfg = Debug|Any CPU
		{CC110417-0A55-43D7-A1E9-92DD7FA38632}.Debug|x64.Build.0 = Debug|Any CPU
		{CC110417-0A55-43D7-A1E9-92DD7FA38632}.Debug|x86.ActiveCfg = Debug|Any CPU
		{CC110417-0A55-43D7-A1E9-92DD7FA38632}.Debug|x86.Build.0 = Debug|Any CPU
		{CC110417-0A55-43D7-A1E9-92DD7FA38632}.Release|Any CPU.ActiveCfg = Release|Any CPU
		{CC110417-0A55-43D7-A1E9-92DD7FA38632}.Release|Any CPU.Build.0 = Release|Any CPU
		{CC110417-0A55-43D7-A1E9-92DD7FA38632}.Release|x64.ActiveCfg = Release|Any CPU
		{CC110417-0A55-43D7-A1E9-92DD7FA38632}.Release|x64.Build.0 = Release|Any CPU
		{CC110417-0A55-43D7-A1E9-92DD7FA38632}.Release|x86.ActiveCfg = Release|Any CPU
		{CC110417-0A55-43D7-A1E9-92DD7FA38632}.Release|x86.Build.0 = Release|Any CPU
		{E93759C6-98F9-4809-9541-281E223BA4C1}.Debug|Any CPU.ActiveCfg = Debug|Any CPU
		{E93759C6-98F9-4809-9541-281E223BA4C1}.Debug|Any CPU.Build.0 = Debug|Any CPU
		{E93759C6-98F9-4809-9541-281E223BA4C1}.Debug|x64.ActiveCfg = Debug|Any CPU
		{E93759C6-98F9-4809-9541-281E223BA4C1}.Debug|x64.Build.0 = Debug|Any CPU
		{E93759C6-98F9-4809-9541-281E223BA4C1}.Debug|x86.ActiveCfg = Debug|Any CPU
		{E93759C6-98F9-4809-9541-281E223BA4C1}.Debug|x86.Build.0 = Debug|Any CPU
		{E93759C6-98F9-4809-9541-281E223BA4C1}.Release|Any CPU.ActiveCfg = Release|Any CPU
		{E93759C6-98F9-4809-9541-281E223BA4C1}.Release|Any CPU.Build.0 = Release|Any CPU
		{E93759C6-98F9-4809-9541-281E223BA4C1}.Release|x64.ActiveCfg = Release|Any CPU
		{E93759C6-98F9-4809-9541-281E223BA4C1}.Release|x64.Build.0 = Release|Any CPU
		{E93759C6-98F9-4809-9541-281E223BA4C1}.Release|x86.ActiveCfg = Release|Any CPU
		{E93759C6-98F9-4809-9541-281E223BA4C1}.Release|x86.Build.0 = Release|Any CPU
		{37DA574C-EACF-439D-B5E3-E7E52124FFA0}.Debug|Any CPU.ActiveCfg = Debug|Any CPU
		{37DA574C-EACF-439D-B5E3-E7E52124FFA0}.Debug|Any CPU.Build.0 = Debug|Any CPU
		{37DA574C-EACF-439D-B5E3-E7E52124FFA0}.Debug|x64.ActiveCfg = Debug|Any CPU
		{37DA574C-EACF-439D-B5E3-E7E52124FFA0}.Debug|x64.Build.0 = Debug|Any CPU
		{37DA574C-EACF-439D-B5E3-E7E52124FFA0}.Debug|x86.ActiveCfg = Debug|Any CPU
		{37DA574C-EACF-439D-B5E3-E7E52124FFA0}.Debug|x86.Build.0 = Debug|Any CPU
		{37DA574C-EACF-439D-B5E3-E7E52124FFA0}.Release|Any CPU.ActiveCfg = Release|Any CPU
		{37DA574C-EACF-439D-B5E3-E7E52124FFA0}.Release|Any CPU.Build.0 = Release|Any CPU
		{37DA574C-EACF-439D-B5E3-E7E52124FFA0}.Release|x64.ActiveCfg = Release|Any CPU
		{37DA574C-EACF-439D-B5E3-E7E52124FFA0}.Release|x64.Build.0 = Release|Any CPU
		{37DA574C-EACF-439D-B5E3-E7E52124FFA0}.Release|x86.ActiveCfg = Release|Any CPU
		{37DA574C-EACF-439D-B5E3-E7E52124FFA0}.Release|x86.Build.0 = Release|Any CPU
		{CB4EAD8D-2B42-40F4-AEFB-ECD5656A6CCB}.Debug|Any CPU.ActiveCfg = Debug|Any CPU
		{CB4EAD8D-2B42-40F4-AEFB-ECD5656A6CCB}.Debug|Any CPU.Build.0 = Debug|Any CPU
		{CB4EAD8D-2B42-40F4-AEFB-ECD5656A6CCB}.Debug|x64.ActiveCfg = Debug|Any CPU
		{CB4EAD8D-2B42-40F4-AEFB-ECD5656A6CCB}.Debug|x64.Build.0 = Debug|Any CPU
		{CB4EAD8D-2B42-40F4-AEFB-ECD5656A6CCB}.Debug|x86.ActiveCfg = Debug|Any CPU
		{CB4EAD8D-2B42-40F4-AEFB-ECD5656A6CCB}.Debug|x86.Build.0 = Debug|Any CPU
		{CB4EAD8D-2B42-40F4-AEFB-ECD5656A6CCB}.Release|Any CPU.ActiveCfg = Release|Any CPU
		{CB4EAD8D-2B42-40F4-AEFB-ECD5656A6CCB}.Release|Any CPU.Build.0 = Release|Any CPU
		{CB4EAD8D-2B42-40F4-AEFB-ECD5656A6CCB}.Release|x64.ActiveCfg = Release|Any CPU
		{CB4EAD8D-2B42-40F4-AEFB-ECD5656A6CCB}.Release|x64.Build.0 = Release|Any CPU
		{CB4EAD8D-2B42-40F4-AEFB-ECD5656A6CCB}.Release|x86.ActiveCfg = Release|Any CPU
		{CB4EAD8D-2B42-40F4-AEFB-ECD5656A6CCB}.Release|x86.Build.0 = Release|Any CPU
		{EE5AF81D-1CC9-4DF3-A582-D0E1EE333047}.Debug|Any CPU.ActiveCfg = Debug|Any CPU
		{EE5AF81D-1CC9-4DF3-A582-D0E1EE333047}.Debug|Any CPU.Build.0 = Debug|Any CPU
		{EE5AF81D-1CC9-4DF3-A582-D0E1EE333047}.Debug|x64.ActiveCfg = Debug|Any CPU
		{EE5AF81D-1CC9-4DF3-A582-D0E1EE333047}.Debug|x64.Build.0 = Debug|Any CPU
		{EE5AF81D-1CC9-4DF3-A582-D0E1EE333047}.Debug|x86.ActiveCfg = Debug|Any CPU
		{EE5AF81D-1CC9-4DF3-A582-D0E1EE333047}.Debug|x86.Build.0 = Debug|Any CPU
		{EE5AF81D-1CC9-4DF3-A582-D0E1EE333047}.Release|Any CPU.ActiveCfg = Release|Any CPU
		{EE5AF81D-1CC9-4DF3-A582-D0E1EE333047}.Release|Any CPU.Build.0 = Release|Any CPU
		{EE5AF81D-1CC9-4DF3-A582-D0E1EE333047}.Release|x64.ActiveCfg = Release|Any CPU
		{EE5AF81D-1CC9-4DF3-A582-D0E1EE333047}.Release|x64.Build.0 = Release|Any CPU
		{EE5AF81D-1CC9-4DF3-A582-D0E1EE333047}.Release|x86.ActiveCfg = Release|Any CPU
		{EE5AF81D-1CC9-4DF3-A582-D0E1EE333047}.Release|x86.Build.0 = Release|Any CPU
		{6689B4F2-C55E-40A2-9DA3-B8836865983E}.Debug|Any CPU.ActiveCfg = Debug|Any CPU
		{6689B4F2-C55E-40A2-9DA3-B8836865983E}.Debug|Any CPU.Build.0 = Debug|Any CPU
		{6689B4F2-C55E-40A2-9DA3-B8836865983E}.Debug|x64.ActiveCfg = Debug|Any CPU
		{6689B4F2-C55E-40A2-9DA3-B8836865983E}.Debug|x64.Build.0 = Debug|Any CPU
		{6689B4F2-C55E-40A2-9DA3-B8836865983E}.Debug|x86.ActiveCfg = Debug|Any CPU
		{6689B4F2-C55E-40A2-9DA3-B8836865983E}.Debug|x86.Build.0 = Debug|Any CPU
		{6689B4F2-C55E-40A2-9DA3-B8836865983E}.Release|Any CPU.ActiveCfg = Release|Any CPU
		{6689B4F2-C55E-40A2-9DA3-B8836865983E}.Release|Any CPU.Build.0 = Release|Any CPU
		{6689B4F2-C55E-40A2-9DA3-B8836865983E}.Release|x64.ActiveCfg = Release|Any CPU
		{6689B4F2-C55E-40A2-9DA3-B8836865983E}.Release|x64.Build.0 = Release|Any CPU
		{6689B4F2-C55E-40A2-9DA3-B8836865983E}.Release|x86.ActiveCfg = Release|Any CPU
		{6689B4F2-C55E-40A2-9DA3-B8836865983E}.Release|x86.Build.0 = Release|Any CPU
		{FDDBD5FC-5F6F-4BFA-87E3-DCD49755F1E9}.Debug|Any CPU.ActiveCfg = Debug|Any CPU
		{FDDBD5FC-5F6F-4BFA-87E3-DCD49755F1E9}.Debug|Any CPU.Build.0 = Debug|Any CPU
		{FDDBD5FC-5F6F-4BFA-87E3-DCD49755F1E9}.Debug|x64.ActiveCfg = Debug|Any CPU
		{FDDBD5FC-5F6F-4BFA-87E3-DCD49755F1E9}.Debug|x64.Build.0 = Debug|Any CPU
		{FDDBD5FC-5F6F-4BFA-87E3-DCD49755F1E9}.Debug|x86.ActiveCfg = Debug|Any CPU
		{FDDBD5FC-5F6F-4BFA-87E3-DCD49755F1E9}.Debug|x86.Build.0 = Debug|Any CPU
		{FDDBD5FC-5F6F-4BFA-87E3-DCD49755F1E9}.Release|Any CPU.ActiveCfg = Release|Any CPU
		{FDDBD5FC-5F6F-4BFA-87E3-DCD49755F1E9}.Release|Any CPU.Build.0 = Release|Any CPU
		{FDDBD5FC-5F6F-4BFA-87E3-DCD49755F1E9}.Release|x64.ActiveCfg = Release|Any CPU
		{FDDBD5FC-5F6F-4BFA-87E3-DCD49755F1E9}.Release|x64.Build.0 = Release|Any CPU
		{FDDBD5FC-5F6F-4BFA-87E3-DCD49755F1E9}.Release|x86.ActiveCfg = Release|Any CPU
		{FDDBD5FC-5F6F-4BFA-87E3-DCD49755F1E9}.Release|x86.Build.0 = Release|Any CPU
		{9E2E12CA-9C53-4296-8EFF-AA37480C69A4}.Debug|Any CPU.ActiveCfg = Debug|Any CPU
		{9E2E12CA-9C53-4296-8EFF-AA37480C69A4}.Debug|Any CPU.Build.0 = Debug|Any CPU
		{9E2E12CA-9C53-4296-8EFF-AA37480C69A4}.Debug|x64.ActiveCfg = Debug|Any CPU
		{9E2E12CA-9C53-4296-8EFF-AA37480C69A4}.Debug|x64.Build.0 = Debug|Any CPU
		{9E2E12CA-9C53-4296-8EFF-AA37480C69A4}.Debug|x86.ActiveCfg = Debug|Any CPU
		{9E2E12CA-9C53-4296-8EFF-AA37480C69A4}.Debug|x86.Build.0 = Debug|Any CPU
		{9E2E12CA-9C53-4296-8EFF-AA37480C69A4}.Release|Any CPU.ActiveCfg = Release|Any CPU
		{9E2E12CA-9C53-4296-8EFF-AA37480C69A4}.Release|Any CPU.Build.0 = Release|Any CPU
		{9E2E12CA-9C53-4296-8EFF-AA37480C69A4}.Release|x64.ActiveCfg = Release|Any CPU
		{9E2E12CA-9C53-4296-8EFF-AA37480C69A4}.Release|x64.Build.0 = Release|Any CPU
		{9E2E12CA-9C53-4296-8EFF-AA37480C69A4}.Release|x86.ActiveCfg = Release|Any CPU
		{9E2E12CA-9C53-4296-8EFF-AA37480C69A4}.Release|x86.Build.0 = Release|Any CPU
	EndGlobalSection
	GlobalSection(SolutionProperties) = preSolution
		HideSolutionNode = FALSE
	EndGlobalSection
	GlobalSection(ExtensibilityGlobals) = postSolution
		SolutionGuid = {FF4BAE3A-2283-4CE8-BC50-81485B376793}
	EndGlobalSection
EndGlobal
